{
  "requires": true,
  "lockfileVersion": 1,
  "dependencies": {
    "@morphic-ts/adt": {
      "version": "3.0.0-alpha.6",
      "resolved": "https://registry.npm.taobao.org/@morphic-ts/adt/download/@morphic-ts/adt-3.0.0-alpha.6.tgz",
      "integrity": "sha1-Wd3YVfLZPMaH4a3fQUtTFiP2oms=",
      "requires": {
        "fp-ts": "^2.5.3",
        "monocle-ts": "^2.0.1"
      }
    },
    "fp-ts": {
      "version": "2.9.5",
      "resolved": "https://registry.npm.taobao.org/fp-ts/download/fp-ts-2.9.5.tgz",
      "integrity": "sha1-ZpDNi3a4QhSjj8d8u70Eo4+G6pA="
    },
    "monocle-ts": {
      "version": "2.3.5",
      "resolved": "https://registry.npm.taobao.org/monocle-ts/download/monocle-ts-2.3.5.tgz",
      "integrity": "sha1-H/kLCGFiVLiH5MK8WyqXZP7RZyM="
    },
    "ts-adt": {
      "version": "2.0.0",
      "resolved": "https://registry.npm.taobao.org/ts-adt/download/ts-adt-2.0.0.tgz",
      "integrity": "sha1-Z8ujSMyPNNqF1LGlG5tygaTzXvE="
    }
  }
}
